
Microsoft Visual Studio Solution File, Format Version 12.00
# Visual Studio Version 17
VisualStudioVersion = 17.8.34309.116
MinimumVisualStudioVersion = 10.0.40219.1
Project("{FAE04EC0-301F-11D3-BF4B-00C04F79EFBC}") = "NTierArchitecture.Entities", "NTierArchitecture.Entities\NTierArchitecture.Entities.csproj", "{7C4F75A2-C58A-4520-AD58-E22CA5BB91AE}"
EndProject
Project("{FAE04EC0-301F-11D3-BF4B-00C04F79EFBC}") = "NTierArchitecture.DataAccess", "NTierArchitecture.DataAccess\NTierArchitecture.DataAccess.csproj", "{A2F4A913-5BDE-44EB-BF60-E418E7324669}"
EndProject
Project("{FAE04EC0-301F-11D3-BF4B-00C04F79EFBC}") = "NTierArchitecture.Business", "NTierArchitecture.Business\NTierArchitecture.Business.csproj", "{1CCC6EB7-3A64-4A28-819F-97998DFAFC96}"
EndProject
Project("{FAE04EC0-301F-11D3-BF4B-00C04F79EFBC}") = "NTierArchitecture.WebApi", "NTierArchitecture.WebApi\NTierArchitecture.WebApi.csproj", "{861DC3B8-00D7-4972-9D59-EE9B963B9586}"
EndProject
Global
	GlobalSection(SolutionConfigurationPlatforms) = preSolution
		Debug|Any CPU = Debug|Any CPU
		Release|Any CPU = Release|Any CPU
	EndGlobalSection
	GlobalSection(ProjectConfigurationPlatforms) = postSolution
		{7C4F75A2-C58A-4520-AD58-E22CA5BB91AE}.Debug|Any CPU.ActiveCfg = Debug|Any CPU
		{7C4F75A2-C58A-4520-AD58-E22CA5BB91AE}.Debug|Any CPU.Build.0 = Debug|Any CPU
		{7C4F75A2-C58A-4520-AD58-E22CA5BB91AE}.Release|Any CPU.ActiveCfg = Release|Any CPU
		{7C4F75A2-C58A-4520-AD58-E22CA5BB91AE}.Release|Any CPU.Build.0 = Release|Any CPU
		{A2F4A913-5BDE-44EB-BF60-E418E7324669}.Debug|Any CPU.ActiveCfg = Debug|Any CPU
		{A2F4A913-5BDE-44EB-BF60-E418E7324669}.Debug|Any CPU.Build.0 = Debug|Any CPU
		{A2F4A913-5BDE-44EB-BF60-E418E7324669}.Release|Any CPU.ActiveCfg = Release|Any CPU
		{A2F4A913-5BDE-44EB-BF60-E418E7324669}.Release|Any CPU.Build.0 = Release|Any CPU
		{1CCC6EB7-3A64-4A28-819F-97998DFAFC96}.Debug|Any CPU.ActiveCfg = Debug|Any CPU
		{1CCC6EB7-3A64-4A28-819F-97998DFAFC96}.Debug|Any CPU.Build.0 = Debug|Any CPU
		{1CCC6EB7-3A64-4A28-819F-97998DFAFC96}.Release|Any CPU.ActiveCfg = Release|Any CPU
		{1CCC6EB7-3A64-4A28-819F-97998DFAFC96}.Release|Any CPU.Build.0 = Release|Any CPU
		{861DC3B8-00D7-4972-9D59-EE9B963B9586}.Debug|Any CPU.ActiveCfg = Debug|Any CPU
		{861DC3B8-00D7-4972-9D59-EE9B963B9586}.Debug|Any CPU.Build.0 = Debug|Any CPU
		{861DC3B8-00D7-4972-9D59-EE9B963B9586}.Release|Any CPU.ActiveCfg = Release|Any CPU
		{861DC3B8-00D7-4972-9D59-EE9B963B9586}.Release|Any CPU.Build.0 = Release|Any CPU
	EndGlobalSection
	GlobalSection(SolutionProperties) = preSolution
		HideSolutionNode = FALSE
	EndGlobalSection
	GlobalSection(ExtensibilityGlobals) = postSolution
		SolutionGuid = {88AB3397-C306-42B5-A51E-30FAA0E1D830}
	EndGlobalSection
EndGlobal
